// !$*UTF8*$!
{
	archiveVersion = 1;
	classes = {
	};
	objectVersion = 56;
	objects = {

/* Begin PBXBuildFile section */
		7835F782FF787149E2FB6310 /* Pods_MyMovies.framework in Frameworks */ = {isa = PBXBuildFile; fileRef = 192AE67FE9B85D2BE036C4E2 /* Pods_MyMovies.framework */; };
		850ACA012A94210900E9A8EF /* ObservableErrorWrapper.swift in Sources */ = {isa = PBXBuildFile; fileRef = 850ACA002A94210900E9A8EF /* ObservableErrorWrapper.swift */; };
		850ACA082A94319800E9A8EF /* UIViewController+Extensions.swift in Sources */ = {isa = PBXBuildFile; fileRef = 850ACA072A94319800E9A8EF /* UIViewController+Extensions.swift */; };
		850ACA0B2A9431AA00E9A8EF /* UIToastView.swift in Sources */ = {isa = PBXBuildFile; fileRef = 850ACA0A2A9431AA00E9A8EF /* UIToastView.swift */; };
		850FDD112A8870F600A39B87 /* UIInputTextView.swift in Sources */ = {isa = PBXBuildFile; fileRef = 850FDD102A8870F600A39B87 /* UIInputTextView.swift */; };
		8518D95A2A86FA410006397C /* UsersAPI.swift in Sources */ = {isa = PBXBuildFile; fileRef = 8518D9592A86FA410006397C /* UsersAPI.swift */; };
		8518D95C2A8729170006397C /* HomeViewModel.swift in Sources */ = {isa = PBXBuildFile; fileRef = 8518D95B2A8729170006397C /* HomeViewModel.swift */; };
		8518D95E2A87297C0006397C /* MovieAPI.swift in Sources */ = {isa = PBXBuildFile; fileRef = 8518D95D2A87297C0006397C /* MovieAPI.swift */; };
		851AC6D32A7B382D0028D9AF /* AppDelegate.swift in Sources */ = {isa = PBXBuildFile; fileRef = 851AC6D22A7B382D0028D9AF /* AppDelegate.swift */; };
		851AC6D52A7B382D0028D9AF /* SceneDelegate.swift in Sources */ = {isa = PBXBuildFile; fileRef = 851AC6D42A7B382D0028D9AF /* SceneDelegate.swift */; };
		851AC6DC2A7B382D0028D9AF /* Assets.xcassets in Resources */ = {isa = PBXBuildFile; fileRef = 851AC6DB2A7B382D0028D9AF /* Assets.xcassets */; };
		851AC6DF2A7B382D0028D9AF /* LaunchScreen.storyboard in Resources */ = {isa = PBXBuildFile; fileRef = 851AC6DD2A7B382D0028D9AF /* LaunchScreen.storyboard */; };
		852118472A8014890073BBE9 /* Movie.swift in Sources */ = {isa = PBXBuildFile; fileRef = 852118462A8014890073BBE9 /* Movie.swift */; };
		852118492A80212C0073BBE9 /* User.swift in Sources */ = {isa = PBXBuildFile; fileRef = 852118482A80212C0073BBE9 /* User.swift */; };
		8521184C2A802D690073BBE9 /* MovieDetailsViewController.swift in Sources */ = {isa = PBXBuildFile; fileRef = 8521184A2A802D690073BBE9 /* MovieDetailsViewController.swift */; };
		8521184D2A802D690073BBE9 /* MovieDetailsViewController.xib in Resources */ = {isa = PBXBuildFile; fileRef = 8521184B2A802D690073BBE9 /* MovieDetailsViewController.xib */; };
		852118592A80393B0073BBE9 /* HomeViewController.swift in Sources */ = {isa = PBXBuildFile; fileRef = 852118572A80393B0073BBE9 /* HomeViewController.swift */; };
		8521185A2A80393B0073BBE9 /* HomeViewController.xib in Resources */ = {isa = PBXBuildFile; fileRef = 852118582A80393B0073BBE9 /* HomeViewController.xib */; };
		85422A8E2A7FE0AD009297D7 /* RatingStarsView.swift in Sources */ = {isa = PBXBuildFile; fileRef = 85422A8D2A7FE0AD009297D7 /* RatingStarsView.swift */; };
		85422A902A7FE0C0009297D7 /* RatingStarsView.xib in Resources */ = {isa = PBXBuildFile; fileRef = 85422A8F2A7FE0C0009297D7 /* RatingStarsView.xib */; };
		85422A922A7FE629009297D7 /* RatingStartsViewModel.swift in Sources */ = {isa = PBXBuildFile; fileRef = 85422A912A7FE629009297D7 /* RatingStartsViewModel.swift */; };
		854389CD2A7ED3C0009AB0EA /* HomeHeaderView.swift in Sources */ = {isa = PBXBuildFile; fileRef = 854389CB2A7ED3C0009AB0EA /* HomeHeaderView.swift */; };
		854389CE2A7ED3C0009AB0EA /* HomeHeaderView.xib in Resources */ = {isa = PBXBuildFile; fileRef = 854389CC2A7ED3C0009AB0EA /* HomeHeaderView.xib */; };
		854389D02A7ED9DC009AB0EA /* HomeHeaderViewModel.swift in Sources */ = {isa = PBXBuildFile; fileRef = 854389CF2A7ED9DC009AB0EA /* HomeHeaderViewModel.swift */; };
		854389D32A7EDE6E009AB0EA /* UIImage+Extensions.swift in Sources */ = {isa = PBXBuildFile; fileRef = 854389D22A7EDE6E009AB0EA /* UIImage+Extensions.swift */; };
		854389DC2A7EFA75009AB0EA /* DividerView.xib in Resources */ = {isa = PBXBuildFile; fileRef = 854389DB2A7EFA75009AB0EA /* DividerView.xib */; };
		854389E12A7F2294009AB0EA /* MovieTableViewCell.swift in Sources */ = {isa = PBXBuildFile; fileRef = 854389DF2A7F2294009AB0EA /* MovieTableViewCell.swift */; };
		854389E22A7F2294009AB0EA /* MovieTableViewCell.xib in Resources */ = {isa = PBXBuildFile; fileRef = 854389E02A7F2294009AB0EA /* MovieTableViewCell.xib */; };
		854389E42A7F26C5009AB0EA /* MovieTableViewModel.swift in Sources */ = {isa = PBXBuildFile; fileRef = 854389E32A7F26C5009AB0EA /* MovieTableViewModel.swift */; };
		854389E92A7F378D009AB0EA /* MoviesTitleHeaderView.xib in Resources */ = {isa = PBXBuildFile; fileRef = 854389E82A7F378D009AB0EA /* MoviesTitleHeaderView.xib */; };
		855BCFAB2A86DED1008F34D9 /* fake_api.json in Resources */ = {isa = PBXBuildFile; fileRef = 855BCFAA2A86DED1008F34D9 /* fake_api.json */; };
		85768FB82A9A60310080A0C5 /* UserApiResoruce.swift in Sources */ = {isa = PBXBuildFile; fileRef = 85768FB72A9A60310080A0C5 /* UserApiResoruce.swift */; };
		85794D4C2A96BB24006BAD31 /* NetworkIntegration.swift in Sources */ = {isa = PBXBuildFile; fileRef = 85794D4B2A96BB24006BAD31 /* NetworkIntegration.swift */; };
		85794D502A981E9D006BAD31 /* NetworkingManager.swift in Sources */ = {isa = PBXBuildFile; fileRef = 85794D4F2A981E9D006BAD31 /* NetworkingManager.swift */; };
		85794D532A99565A006BAD31 /* NetworkingManager+Extensions.swift in Sources */ = {isa = PBXBuildFile; fileRef = 85794D522A99565A006BAD31 /* NetworkingManager+Extensions.swift */; };
		85794D552A9958F4006BAD31 /* API.swift in Sources */ = {isa = PBXBuildFile; fileRef = 85794D542A9958F4006BAD31 /* API.swift */; };
		85794D572A99596D006BAD31 /* MovieApiResource.swift in Sources */ = {isa = PBXBuildFile; fileRef = 85794D562A99596D006BAD31 /* MovieApiResource.swift */; };
		85794D5A2A996FC5006BAD31 /* Peppermint in Frameworks */ = {isa = PBXBuildFile; productRef = 85794D592A996FC5006BAD31 /* Peppermint */; };
		85794D5D2A997039006BAD31 /* AddMovieValidation.swift in Sources */ = {isa = PBXBuildFile; fileRef = 85794D5C2A997039006BAD31 /* AddMovieValidation.swift */; };
		85794D602A998DBE006BAD31 /* FormControl.swift in Sources */ = {isa = PBXBuildFile; fileRef = 85794D5F2A998DBE006BAD31 /* FormControl.swift */; };
		85794D622A998E92006BAD31 /* FormField.swift in Sources */ = {isa = PBXBuildFile; fileRef = 85794D612A998E92006BAD31 /* FormField.swift */; };
		85A879D72A86E7F900280751 /* Environments.swift in Sources */ = {isa = PBXBuildFile; fileRef = 85A879D62A86E7F900280751 /* Environments.swift */; };
		85A879D92A86ECAE00280751 /* Config-Dev.plist in Resources */ = {isa = PBXBuildFile; fileRef = 85A879D82A86ECAE00280751 /* Config-Dev.plist */; };
		85A879DB2A86ED4A00280751 /* Config-Local.plist in Resources */ = {isa = PBXBuildFile; fileRef = 85A879DA2A86ED4A00280751 /* Config-Local.plist */; };
		85BCC6592A86F14F0084A5EA /* EnvironmentsVariables.swift in Sources */ = {isa = PBXBuildFile; fileRef = 85BCC6582A86F14F0084A5EA /* EnvironmentsVariables.swift */; };
		85D4EE1E2A87CB4000E42E17 /* RatingStarsDelegate.swift in Sources */ = {isa = PBXBuildFile; fileRef = 85D4EE1D2A87CB4000E42E17 /* RatingStarsDelegate.swift */; };
		85D4EE212A87F79E00E42E17 /* MovieUpdateRequest.swift in Sources */ = {isa = PBXBuildFile; fileRef = 85D4EE202A87F79E00E42E17 /* MovieUpdateRequest.swift */; };
		85D4EE252A88337A00E42E17 /* AddMovieViewController.swift in Sources */ = {isa = PBXBuildFile; fileRef = 85D4EE232A88337A00E42E17 /* AddMovieViewController.swift */; };
		85D4EE262A88337A00E42E17 /* AddMovieViewController.xib in Resources */ = {isa = PBXBuildFile; fileRef = 85D4EE242A88337A00E42E17 /* AddMovieViewController.xib */; };
		85DA7A3D2A8A96A700FAEB45 /* Main.storyboard in Resources */ = {isa = PBXBuildFile; fileRef = 85DA7A3C2A8A96A700FAEB45 /* Main.storyboard */; };
		85DA7A3F2A8A96D300FAEB45 /* ViewController.swift in Sources */ = {isa = PBXBuildFile; fileRef = 85DA7A3E2A8A96D300FAEB45 /* ViewController.swift */; };
		85DA7A412A8AA12300FAEB45 /* InputViewModel.swift in Sources */ = {isa = PBXBuildFile; fileRef = 85DA7A402A8AA12200FAEB45 /* InputViewModel.swift */; };
		85DA7A442A8AACD800FAEB45 /* UIInputTextAreaView.swift in Sources */ = {isa = PBXBuildFile; fileRef = 85DA7A432A8AACD800FAEB45 /* UIInputTextAreaView.swift */; };
		85DA7A482A8AFCD900FAEB45 /* MovieRegisterRequest.swift in Sources */ = {isa = PBXBuildFile; fileRef = 85DA7A472A8AFCD900FAEB45 /* MovieRegisterRequest.swift */; };
		85DA7A4A2A8B077700FAEB45 /* AddMovieDelegate.swift in Sources */ = {isa = PBXBuildFile; fileRef = 85DA7A492A8B077700FAEB45 /* AddMovieDelegate.swift */; };
		85DE3DA42AACF8020091E1BE /* UIInputDropdownView.swift in Sources */ = {isa = PBXBuildFile; fileRef = 85DE3DA32AACF8020091E1BE /* UIInputDropdownView.swift */; };
		85DE3DA62AAD18E90091E1BE /* UIInputDropdownOptionsView.swift in Sources */ = {isa = PBXBuildFile; fileRef = 85DE3DA52AAD18E90091E1BE /* UIInputDropdownOptionsView.swift */; };
		85DE3DAC2AAD24950091E1BE /* UISheetView.swift in Sources */ = {isa = PBXBuildFile; fileRef = 85DE3DAB2AAD24950091E1BE /* UISheetView.swift */; };
		85DE3DAE2AAD34980091E1BE /* InputDropdownDelegate.swift in Sources */ = {isa = PBXBuildFile; fileRef = 85DE3DAD2AAD34980091E1BE /* InputDropdownDelegate.swift */; };
		85DE3DB12AAD38000091E1BE /* Option.swift in Sources */ = {isa = PBXBuildFile; fileRef = 85DE3DB02AAD38000091E1BE /* Option.swift */; };
		85FC68A02A803F0D009FED3A /* MovieDetailsViewModel.swift in Sources */ = {isa = PBXBuildFile; fileRef = 85FC689F2A803F0D009FED3A /* MovieDetailsViewModel.swift */; };
		85FC68A22A804F44009FED3A /* MovieDetailsDelegate.swift in Sources */ = {isa = PBXBuildFile; fileRef = 85FC68A12A804F44009FED3A /* MovieDetailsDelegate.swift */; };
/* End PBXBuildFile section */

/* Begin PBXFileReference section */
		192AE67FE9B85D2BE036C4E2 /* Pods_MyMovies.framework */ = {isa = PBXFileReference; explicitFileType = wrapper.framework; includeInIndex = 0; path = Pods_MyMovies.framework; sourceTree = BUILT_PRODUCTS_DIR; };
		4413134D3F405F2CA300A4A8 /* Pods-MyMovies.release (dev).xcconfig */ = {isa = PBXFileReference; includeInIndex = 1; lastKnownFileType = text.xcconfig; name = "Pods-MyMovies.release (dev).xcconfig"; path = "Target Support Files/Pods-MyMovies/Pods-MyMovies.release (dev).xcconfig"; sourceTree = "<group>"; };
		4F504ECD26429C7B93F029E5 /* Pods-MyMovies.debug (dev).xcconfig */ = {isa = PBXFileReference; includeInIndex = 1; lastKnownFileType = text.xcconfig; name = "Pods-MyMovies.debug (dev).xcconfig"; path = "Target Support Files/Pods-MyMovies/Pods-MyMovies.debug (dev).xcconfig"; sourceTree = "<group>"; };
		7D91E9C48B4832FD615DF9C0 /* Pods-MyMovies.release (local).xcconfig */ = {isa = PBXFileReference; includeInIndex = 1; lastKnownFileType = text.xcconfig; name = "Pods-MyMovies.release (local).xcconfig"; path = "Target Support Files/Pods-MyMovies/Pods-MyMovies.release (local).xcconfig"; sourceTree = "<group>"; };
		850ACA002A94210900E9A8EF /* ObservableErrorWrapper.swift */ = {isa = PBXFileReference; lastKnownFileType = sourcecode.swift; path = ObservableErrorWrapper.swift; sourceTree = "<group>"; };
		850ACA072A94319800E9A8EF /* UIViewController+Extensions.swift */ = {isa = PBXFileReference; fileEncoding = 4; lastKnownFileType = sourcecode.swift; path = "UIViewController+Extensions.swift"; sourceTree = "<group>"; };
		850ACA0A2A9431AA00E9A8EF /* UIToastView.swift */ = {isa = PBXFileReference; fileEncoding = 4; lastKnownFileType = sourcecode.swift; path = UIToastView.swift; sourceTree = "<group>"; };
		850FDD102A8870F600A39B87 /* UIInputTextView.swift */ = {isa = PBXFileReference; lastKnownFileType = sourcecode.swift; path = UIInputTextView.swift; sourceTree = "<group>"; };
		8518D9592A86FA410006397C /* UsersAPI.swift */ = {isa = PBXFileReference; lastKnownFileType = sourcecode.swift; path = UsersAPI.swift; sourceTree = "<group>"; };
		8518D95B2A8729170006397C /* HomeViewModel.swift */ = {isa = PBXFileReference; lastKnownFileType = sourcecode.swift; path = HomeViewModel.swift; sourceTree = "<group>"; };
		8518D95D2A87297C0006397C /* MovieAPI.swift */ = {isa = PBXFileReference; lastKnownFileType = sourcecode.swift; path = MovieAPI.swift; sourceTree = "<group>"; };
		851AC6CF2A7B382D0028D9AF /* MyMovies.app */ = {isa = PBXFileReference; explicitFileType = wrapper.application; includeInIndex = 0; path = MyMovies.app; sourceTree = BUILT_PRODUCTS_DIR; };
		851AC6D22A7B382D0028D9AF /* AppDelegate.swift */ = {isa = PBXFileReference; lastKnownFileType = sourcecode.swift; path = AppDelegate.swift; sourceTree = "<group>"; };
		851AC6D42A7B382D0028D9AF /* SceneDelegate.swift */ = {isa = PBXFileReference; lastKnownFileType = sourcecode.swift; path = SceneDelegate.swift; sourceTree = "<group>"; };
		851AC6DB2A7B382D0028D9AF /* Assets.xcassets */ = {isa = PBXFileReference; lastKnownFileType = folder.assetcatalog; path = Assets.xcassets; sourceTree = "<group>"; };
		851AC6DE2A7B382D0028D9AF /* Base */ = {isa = PBXFileReference; lastKnownFileType = file.storyboard; name = Base; path = Base.lproj/LaunchScreen.storyboard; sourceTree = "<group>"; };
		851AC6E02A7B382D0028D9AF /* Info.plist */ = {isa = PBXFileReference; lastKnownFileType = text.plist.xml; path = Info.plist; sourceTree = "<group>"; };
		852118462A8014890073BBE9 /* Movie.swift */ = {isa = PBXFileReference; lastKnownFileType = sourcecode.swift; path = Movie.swift; sourceTree = "<group>"; };
		852118482A80212C0073BBE9 /* User.swift */ = {isa = PBXFileReference; lastKnownFileType = sourcecode.swift; path = User.swift; sourceTree = "<group>"; };
		8521184A2A802D690073BBE9 /* MovieDetailsViewController.swift */ = {isa = PBXFileReference; lastKnownFileType = sourcecode.swift; path = MovieDetailsViewController.swift; sourceTree = "<group>"; };
		8521184B2A802D690073BBE9 /* MovieDetailsViewController.xib */ = {isa = PBXFileReference; lastKnownFileType = file.xib; path = MovieDetailsViewController.xib; sourceTree = "<group>"; };
		852118572A80393B0073BBE9 /* HomeViewController.swift */ = {isa = PBXFileReference; lastKnownFileType = sourcecode.swift; path = HomeViewController.swift; sourceTree = "<group>"; };
		852118582A80393B0073BBE9 /* HomeViewController.xib */ = {isa = PBXFileReference; lastKnownFileType = file.xib; path = HomeViewController.xib; sourceTree = "<group>"; };
		85422A8D2A7FE0AD009297D7 /* RatingStarsView.swift */ = {isa = PBXFileReference; lastKnownFileType = sourcecode.swift; path = RatingStarsView.swift; sourceTree = "<group>"; };
		85422A8F2A7FE0C0009297D7 /* RatingStarsView.xib */ = {isa = PBXFileReference; lastKnownFileType = file.xib; path = RatingStarsView.xib; sourceTree = "<group>"; };
		85422A912A7FE629009297D7 /* RatingStartsViewModel.swift */ = {isa = PBXFileReference; lastKnownFileType = sourcecode.swift; path = RatingStartsViewModel.swift; sourceTree = "<group>"; };
		854389CB2A7ED3C0009AB0EA /* HomeHeaderView.swift */ = {isa = PBXFileReference; lastKnownFileType = sourcecode.swift; path = HomeHeaderView.swift; sourceTree = "<group>"; };
		854389CC2A7ED3C0009AB0EA /* HomeHeaderView.xib */ = {isa = PBXFileReference; lastKnownFileType = file.xib; path = HomeHeaderView.xib; sourceTree = "<group>"; };
		854389CF2A7ED9DC009AB0EA /* HomeHeaderViewModel.swift */ = {isa = PBXFileReference; lastKnownFileType = sourcecode.swift; path = HomeHeaderViewModel.swift; sourceTree = "<group>"; };
		854389D22A7EDE6E009AB0EA /* UIImage+Extensions.swift */ = {isa = PBXFileReference; lastKnownFileType = sourcecode.swift; path = "UIImage+Extensions.swift"; sourceTree = "<group>"; };
		854389DB2A7EFA75009AB0EA /* DividerView.xib */ = {isa = PBXFileReference; lastKnownFileType = file.xib; path = DividerView.xib; sourceTree = "<group>"; };
		854389DF2A7F2294009AB0EA /* MovieTableViewCell.swift */ = {isa = PBXFileReference; lastKnownFileType = sourcecode.swift; path = MovieTableViewCell.swift; sourceTree = "<group>"; };
		854389E02A7F2294009AB0EA /* MovieTableViewCell.xib */ = {isa = PBXFileReference; lastKnownFileType = file.xib; path = MovieTableViewCell.xib; sourceTree = "<group>"; };
		854389E32A7F26C5009AB0EA /* MovieTableViewModel.swift */ = {isa = PBXFileReference; lastKnownFileType = sourcecode.swift; path = MovieTableViewModel.swift; sourceTree = "<group>"; };
		854389E82A7F378D009AB0EA /* MoviesTitleHeaderView.xib */ = {isa = PBXFileReference; lastKnownFileType = file.xib; path = MoviesTitleHeaderView.xib; sourceTree = "<group>"; };
		855BCFAA2A86DED1008F34D9 /* fake_api.json */ = {isa = PBXFileReference; fileEncoding = 4; lastKnownFileType = text.json; path = fake_api.json; sourceTree = "<group>"; };
		85768FB72A9A60310080A0C5 /* UserApiResoruce.swift */ = {isa = PBXFileReference; lastKnownFileType = sourcecode.swift; path = UserApiResoruce.swift; sourceTree = "<group>"; };
		85794D4B2A96BB24006BAD31 /* NetworkIntegration.swift */ = {isa = PBXFileReference; lastKnownFileType = sourcecode.swift; path = NetworkIntegration.swift; sourceTree = "<group>"; };
		85794D4F2A981E9D006BAD31 /* NetworkingManager.swift */ = {isa = PBXFileReference; lastKnownFileType = sourcecode.swift; path = NetworkingManager.swift; sourceTree = "<group>"; };
		85794D522A99565A006BAD31 /* NetworkingManager+Extensions.swift */ = {isa = PBXFileReference; lastKnownFileType = sourcecode.swift; path = "NetworkingManager+Extensions.swift"; sourceTree = "<group>"; };
		85794D542A9958F4006BAD31 /* API.swift */ = {isa = PBXFileReference; lastKnownFileType = sourcecode.swift; path = API.swift; sourceTree = "<group>"; };
		85794D562A99596D006BAD31 /* MovieApiResource.swift */ = {isa = PBXFileReference; lastKnownFileType = sourcecode.swift; path = MovieApiResource.swift; sourceTree = "<group>"; };
		85794D5C2A997039006BAD31 /* AddMovieValidation.swift */ = {isa = PBXFileReference; lastKnownFileType = sourcecode.swift; path = AddMovieValidation.swift; sourceTree = "<group>"; };
		85794D5F2A998DBE006BAD31 /* FormControl.swift */ = {isa = PBXFileReference; lastKnownFileType = sourcecode.swift; path = FormControl.swift; sourceTree = "<group>"; };
		85794D612A998E92006BAD31 /* FormField.swift */ = {isa = PBXFileReference; lastKnownFileType = sourcecode.swift; path = FormField.swift; sourceTree = "<group>"; };
		85A879D62A86E7F900280751 /* Environments.swift */ = {isa = PBXFileReference; lastKnownFileType = sourcecode.swift; path = Environments.swift; sourceTree = "<group>"; };
		85A879D82A86ECAE00280751 /* Config-Dev.plist */ = {isa = PBXFileReference; lastKnownFileType = text.plist.xml; path = "Config-Dev.plist"; sourceTree = "<group>"; };
		85A879DA2A86ED4A00280751 /* Config-Local.plist */ = {isa = PBXFileReference; lastKnownFileType = text.plist.xml; path = "Config-Local.plist"; sourceTree = "<group>"; };
		85BCC6582A86F14F0084A5EA /* EnvironmentsVariables.swift */ = {isa = PBXFileReference; lastKnownFileType = sourcecode.swift; path = EnvironmentsVariables.swift; sourceTree = "<group>"; };
		85D4EE1D2A87CB4000E42E17 /* RatingStarsDelegate.swift */ = {isa = PBXFileReference; lastKnownFileType = sourcecode.swift; path = RatingStarsDelegate.swift; sourceTree = "<group>"; };
		85D4EE202A87F79E00E42E17 /* MovieUpdateRequest.swift */ = {isa = PBXFileReference; lastKnownFileType = sourcecode.swift; path = MovieUpdateRequest.swift; sourceTree = "<group>"; };
		85D4EE232A88337A00E42E17 /* AddMovieViewController.swift */ = {isa = PBXFileReference; lastKnownFileType = sourcecode.swift; path = AddMovieViewController.swift; sourceTree = "<group>"; };
		85D4EE242A88337A00E42E17 /* AddMovieViewController.xib */ = {isa = PBXFileReference; lastKnownFileType = file.xib; path = AddMovieViewController.xib; sourceTree = "<group>"; };
		85DA7A3C2A8A96A700FAEB45 /* Main.storyboard */ = {isa = PBXFileReference; lastKnownFileType = file.storyboard; path = Main.storyboard; sourceTree = "<group>"; };
		85DA7A3E2A8A96D300FAEB45 /* ViewController.swift */ = {isa = PBXFileReference; lastKnownFileType = sourcecode.swift; path = ViewController.swift; sourceTree = "<group>"; };
		85DA7A402A8AA12200FAEB45 /* InputViewModel.swift */ = {isa = PBXFileReference; lastKnownFileType = sourcecode.swift; path = InputViewModel.swift; sourceTree = "<group>"; };
		85DA7A432A8AACD800FAEB45 /* UIInputTextAreaView.swift */ = {isa = PBXFileReference; lastKnownFileType = sourcecode.swift; path = UIInputTextAreaView.swift; sourceTree = "<group>"; };
		85DA7A472A8AFCD900FAEB45 /* MovieRegisterRequest.swift */ = {isa = PBXFileReference; lastKnownFileType = sourcecode.swift; path = MovieRegisterRequest.swift; sourceTree = "<group>"; };
		85DA7A492A8B077700FAEB45 /* AddMovieDelegate.swift */ = {isa = PBXFileReference; lastKnownFileType = sourcecode.swift; path = AddMovieDelegate.swift; sourceTree = "<group>"; };
		85DE3DA32AACF8020091E1BE /* UIInputDropdownView.swift */ = {isa = PBXFileReference; lastKnownFileType = sourcecode.swift; path = UIInputDropdownView.swift; sourceTree = "<group>"; };
		85DE3DA52AAD18E90091E1BE /* UIInputDropdownOptionsView.swift */ = {isa = PBXFileReference; lastKnownFileType = sourcecode.swift; path = UIInputDropdownOptionsView.swift; sourceTree = "<group>"; };
		85DE3DAB2AAD24950091E1BE /* UISheetView.swift */ = {isa = PBXFileReference; lastKnownFileType = sourcecode.swift; path = UISheetView.swift; sourceTree = "<group>"; };
		85DE3DAD2AAD34980091E1BE /* InputDropdownDelegate.swift */ = {isa = PBXFileReference; lastKnownFileType = sourcecode.swift; path = InputDropdownDelegate.swift; sourceTree = "<group>"; };
		85DE3DB02AAD38000091E1BE /* Option.swift */ = {isa = PBXFileReference; lastKnownFileType = sourcecode.swift; path = Option.swift; sourceTree = "<group>"; };
		85FC689F2A803F0D009FED3A /* MovieDetailsViewModel.swift */ = {isa = PBXFileReference; lastKnownFileType = sourcecode.swift; path = MovieDetailsViewModel.swift; sourceTree = "<group>"; };
		85FC68A12A804F44009FED3A /* MovieDetailsDelegate.swift */ = {isa = PBXFileReference; lastKnownFileType = sourcecode.swift; path = MovieDetailsDelegate.swift; sourceTree = "<group>"; };
		CFAF78ADB6152CF67E423B08 /* Pods-MyMovies.debug (local).xcconfig */ = {isa = PBXFileReference; includeInIndex = 1; lastKnownFileType = text.xcconfig; name = "Pods-MyMovies.debug (local).xcconfig"; path = "Target Support Files/Pods-MyMovies/Pods-MyMovies.debug (local).xcconfig"; sourceTree = "<group>"; };
		E3F12EAFEABD53C2B499E11B /* Pods-MyMovies.release.xcconfig */ = {isa = PBXFileReference; includeInIndex = 1; lastKnownFileType = text.xcconfig; name = "Pods-MyMovies.release.xcconfig"; path = "Target Support Files/Pods-MyMovies/Pods-MyMovies.release.xcconfig"; sourceTree = "<group>"; };
		F922B5CA5EF1847B16FD5632 /* Pods-MyMovies.debug.xcconfig */ = {isa = PBXFileReference; includeInIndex = 1; lastKnownFileType = text.xcconfig; name = "Pods-MyMovies.debug.xcconfig"; path = "Target Support Files/Pods-MyMovies/Pods-MyMovies.debug.xcconfig"; sourceTree = "<group>"; };
/* End PBXFileReference section */

/* Begin PBXFrameworksBuildPhase section */
		851AC6CC2A7B382D0028D9AF /* Frameworks */ = {
			isa = PBXFrameworksBuildPhase;
			buildActionMask = 2147483647;
			files = (
				85794D5A2A996FC5006BAD31 /* Peppermint in Frameworks */,
				7835F782FF787149E2FB6310 /* Pods_MyMovies.framework in Frameworks */,
			);
			runOnlyForDeploymentPostprocessing = 0;
		};
/* End PBXFrameworksBuildPhase section */

/* Begin PBXGroup section */
		850AC9FF2A9420DD00E9A8EF /* Reactive */ = {
			isa = PBXGroup;
			children = (
				850ACA002A94210900E9A8EF /* ObservableErrorWrapper.swift */,
			);
			path = Reactive;
			sourceTree = "<group>";
		};
		850ACA092A9431A400E9A8EF /* UIToastView */ = {
			isa = PBXGroup;
			children = (
				850ACA0A2A9431AA00E9A8EF /* UIToastView.swift */,
			);
			path = UIToastView;
			sourceTree = "<group>";
		};
		850FDD0F2A8870D400A39B87 /* UIInputTextView */ = {
			isa = PBXGroup;
			children = (
				850FDD102A8870F600A39B87 /* UIInputTextView.swift */,
			);
			path = UIInputTextView;
			sourceTree = "<group>";
		};
		851AC6C62A7B382D0028D9AF = {
			isa = PBXGroup;
			children = (
				851AC6D12A7B382D0028D9AF /* MyMovies */,
				851AC6D02A7B382D0028D9AF /* Products */,
				F2833B4233AD46BD4DF1E05A /* Pods */,
				F39D7BC4F7D381F758B77A13 /* Frameworks */,
			);
			sourceTree = "<group>";
		};
		851AC6D02A7B382D0028D9AF /* Products */ = {
			isa = PBXGroup;
			children = (
				851AC6CF2A7B382D0028D9AF /* MyMovies.app */,
			);
			name = Products;
			sourceTree = "<group>";
		};
		851AC6D12A7B382D0028D9AF /* MyMovies */ = {
			isa = PBXGroup;
			children = (
				855BCFAC2A86E5FF008F34D9 /* Configurations */,
				854389D12A7EDDD2009AB0EA /* Extensions */,
				854389C92A7ECE2D009AB0EA /* Delegate */,
				8545D8072A7B38E800463757 /* Networking */,
				8545D8062A7B38DC00463757 /* Model */,
				8545D8052A7B38CE00463757 /* ViewModel */,
				8545D8042A7B38C300463757 /* View */,
				8545D8032A7B38A900463757 /* Controller */,
				851AC6DB2A7B382D0028D9AF /* Assets.xcassets */,
				851AC6DD2A7B382D0028D9AF /* LaunchScreen.storyboard */,
				85A879D82A86ECAE00280751 /* Config-Dev.plist */,
				85A879DA2A86ED4A00280751 /* Config-Local.plist */,
				851AC6E02A7B382D0028D9AF /* Info.plist */,
				855BCFAA2A86DED1008F34D9 /* fake_api.json */,
			);
			path = MyMovies;
			sourceTree = "<group>";
		};
		852118562A8039230073BBE9 /* HomeViewController */ = {
			isa = PBXGroup;
			children = (
				852118572A80393B0073BBE9 /* HomeViewController.swift */,
				852118582A80393B0073BBE9 /* HomeViewController.xib */,
			);
			path = HomeViewController;
			sourceTree = "<group>";
		};
		85422A8C2A7FE076009297D7 /* RatingStars */ = {
			isa = PBXGroup;
			children = (
				85422A8D2A7FE0AD009297D7 /* RatingStarsView.swift */,
				85422A8F2A7FE0C0009297D7 /* RatingStarsView.xib */,
			);
			path = RatingStars;
			sourceTree = "<group>";
		};
		85422A932A800F49009297D7 /* MovieDetailsViewController */ = {
			isa = PBXGroup;
			children = (
				8521184A2A802D690073BBE9 /* MovieDetailsViewController.swift */,
				8521184B2A802D690073BBE9 /* MovieDetailsViewController.xib */,
			);
			path = MovieDetailsViewController;
			sourceTree = "<group>";
		};
		854389C92A7ECE2D009AB0EA /* Delegate */ = {
			isa = PBXGroup;
			children = (
				851AC6D22A7B382D0028D9AF /* AppDelegate.swift */,
				851AC6D42A7B382D0028D9AF /* SceneDelegate.swift */,
				85FC68A12A804F44009FED3A /* MovieDetailsDelegate.swift */,
				85D4EE1D2A87CB4000E42E17 /* RatingStarsDelegate.swift */,
				85DA7A492A8B077700FAEB45 /* AddMovieDelegate.swift */,
				85DE3DAD2AAD34980091E1BE /* InputDropdownDelegate.swift */,
			);
			path = Delegate;
			sourceTree = "<group>";
		};
		854389CA2A7ED225009AB0EA /* HomeHeader */ = {
			isa = PBXGroup;
			children = (
				854389CB2A7ED3C0009AB0EA /* HomeHeaderView.swift */,
				854389CC2A7ED3C0009AB0EA /* HomeHeaderView.xib */,
			);
			path = HomeHeader;
			sourceTree = "<group>";
		};
		854389D12A7EDDD2009AB0EA /* Extensions */ = {
			isa = PBXGroup;
			children = (
				850ACA072A94319800E9A8EF /* UIViewController+Extensions.swift */,
				854389D22A7EDE6E009AB0EA /* UIImage+Extensions.swift */,
				85794D522A99565A006BAD31 /* NetworkingManager+Extensions.swift */,
			);
			path = Extensions;
			sourceTree = "<group>";
		};
		854389D42A7EF884009AB0EA /* Divider */ = {
			isa = PBXGroup;
			children = (
				854389DB2A7EFA75009AB0EA /* DividerView.xib */,
			);
			path = Divider;
			sourceTree = "<group>";
		};
		854389DE2A7F2223009AB0EA /* MovieCell */ = {
			isa = PBXGroup;
			children = (
				854389DF2A7F2294009AB0EA /* MovieTableViewCell.swift */,
				854389E02A7F2294009AB0EA /* MovieTableViewCell.xib */,
			);
			path = MovieCell;
			sourceTree = "<group>";
		};
		854389E52A7F330C009AB0EA /* MoviesTitleHeader */ = {
			isa = PBXGroup;
			children = (
				854389E82A7F378D009AB0EA /* MoviesTitleHeaderView.xib */,
			);
			path = MoviesTitleHeader;
			sourceTree = "<group>";
		};
		8545D8032A7B38A900463757 /* Controller */ = {
			isa = PBXGroup;
			children = (
				85D4EE222A88336000E42E17 /* AddMovieViewController */,
				85FC68942A803C43009FED3A /* ViewController */,
				852118562A8039230073BBE9 /* HomeViewController */,
				85422A932A800F49009297D7 /* MovieDetailsViewController */,
			);
			path = Controller;
			sourceTree = "<group>";
		};
		8545D8042A7B38C300463757 /* View */ = {
			isa = PBXGroup;
			children = (
				85DE3DAA2AAD24780091E1BE /* UISheetView */,
				85DE3DA22AACF7CD0091E1BE /* UIInputDropdownView */,
				850ACA092A9431A400E9A8EF /* UIToastView */,
				85DA7A422A8AACB500FAEB45 /* UIInputTextAreaView */,
				850FDD0F2A8870D400A39B87 /* UIInputTextView */,
				85422A8C2A7FE076009297D7 /* RatingStars */,
				854389DE2A7F2223009AB0EA /* MovieCell */,
				854389D42A7EF884009AB0EA /* Divider */,
				854389CA2A7ED225009AB0EA /* HomeHeader */,
				854389E52A7F330C009AB0EA /* MoviesTitleHeader */,
			);
			path = View;
			sourceTree = "<group>";
		};
		8545D8052A7B38CE00463757 /* ViewModel */ = {
			isa = PBXGroup;
			children = (
				854389CF2A7ED9DC009AB0EA /* HomeHeaderViewModel.swift */,
				854389E32A7F26C5009AB0EA /* MovieTableViewModel.swift */,
				85422A912A7FE629009297D7 /* RatingStartsViewModel.swift */,
				85FC689F2A803F0D009FED3A /* MovieDetailsViewModel.swift */,
				8518D95B2A8729170006397C /* HomeViewModel.swift */,
				85DA7A402A8AA12200FAEB45 /* InputViewModel.swift */,
			);
			path = ViewModel;
			sourceTree = "<group>";
		};
		8545D8062A7B38DC00463757 /* Model */ = {
			isa = PBXGroup;
			children = (
				85794D5E2A998DAF006BAD31 /* Form */,
				85794D5B2A997011006BAD31 /* FormValidation */,
				850AC9FF2A9420DD00E9A8EF /* Reactive */,
				85D4EE1F2A87F78200E42E17 /* Movie */,
				852118482A80212C0073BBE9 /* User.swift */,
			);
			path = Model;
			sourceTree = "<group>";
		};
		8545D8072A7B38E800463757 /* Networking */ = {
			isa = PBXGroup;
			children = (
				85768FB62A9A5F9C0080A0C5 /* Alamofire */,
			);
			path = Networking;
			sourceTree = "<group>";
		};
		855BCFAC2A86E5FF008F34D9 /* Configurations */ = {
			isa = PBXGroup;
			children = (
				85A879D62A86E7F900280751 /* Environments.swift */,
				85BCC6582A86F14F0084A5EA /* EnvironmentsVariables.swift */,
			);
			path = Configurations;
			sourceTree = "<group>";
		};
		85768FB62A9A5F9C0080A0C5 /* Alamofire */ = {
			isa = PBXGroup;
			children = (
				85794D4D2A981DE0006BAD31 /* APIEnum */,
				85794D4E2A981DF5006BAD31 /* ApiResource */,
			);
			path = Alamofire;
			sourceTree = "<group>";
		};
		85794D4D2A981DE0006BAD31 /* APIEnum */ = {
			isa = PBXGroup;
			children = (
				8518D9592A86FA410006397C /* UsersAPI.swift */,
				8518D95D2A87297C0006397C /* MovieAPI.swift */,
				85794D4B2A96BB24006BAD31 /* NetworkIntegration.swift */,
			);
			path = APIEnum;
			sourceTree = "<group>";
		};
		85794D4E2A981DF5006BAD31 /* ApiResource */ = {
			isa = PBXGroup;
			children = (
				85794D4F2A981E9D006BAD31 /* NetworkingManager.swift */,
				85794D542A9958F4006BAD31 /* API.swift */,
				85794D562A99596D006BAD31 /* MovieApiResource.swift */,
				85768FB72A9A60310080A0C5 /* UserApiResoruce.swift */,
			);
			path = ApiResource;
			sourceTree = "<group>";
		};
		85794D5B2A997011006BAD31 /* FormValidation */ = {
			isa = PBXGroup;
			children = (
				85794D5C2A997039006BAD31 /* AddMovieValidation.swift */,
			);
			path = FormValidation;
			sourceTree = "<group>";
		};
		85794D5E2A998DAF006BAD31 /* Form */ = {
			isa = PBXGroup;
			children = (
				85DE3DAF2AAD37F30091E1BE /* Inputs */,
				85794D5F2A998DBE006BAD31 /* FormControl.swift */,
				85794D612A998E92006BAD31 /* FormField.swift */,
			);
			path = Form;
			sourceTree = "<group>";
		};
		85D4EE1F2A87F78200E42E17 /* Movie */ = {
			isa = PBXGroup;
			children = (
				852118462A8014890073BBE9 /* Movie.swift */,
				85D4EE202A87F79E00E42E17 /* MovieUpdateRequest.swift */,
				85DA7A472A8AFCD900FAEB45 /* MovieRegisterRequest.swift */,
			);
			path = Movie;
			sourceTree = "<group>";
		};
		85D4EE222A88336000E42E17 /* AddMovieViewController */ = {
			isa = PBXGroup;
			children = (
				85D4EE232A88337A00E42E17 /* AddMovieViewController.swift */,
				85D4EE242A88337A00E42E17 /* AddMovieViewController.xib */,
			);
			path = AddMovieViewController;
			sourceTree = "<group>";
		};
		85DA7A422A8AACB500FAEB45 /* UIInputTextAreaView */ = {
			isa = PBXGroup;
			children = (
				85DA7A432A8AACD800FAEB45 /* UIInputTextAreaView.swift */,
			);
			path = UIInputTextAreaView;
			sourceTree = "<group>";
		};
		85DE3DA22AACF7CD0091E1BE /* UIInputDropdownView */ = {
			isa = PBXGroup;
			children = (
				85DE3DA32AACF8020091E1BE /* UIInputDropdownView.swift */,
				85DE3DA52AAD18E90091E1BE /* UIInputDropdownOptionsView.swift */,
			);
			path = UIInputDropdownView;
			sourceTree = "<group>";
		};
		85DE3DAA2AAD24780091E1BE /* UISheetView */ = {
			isa = PBXGroup;
			children = (
				85DE3DAB2AAD24950091E1BE /* UISheetView.swift */,
			);
			path = UISheetView;
			sourceTree = "<group>";
		};
		85DE3DAF2AAD37F30091E1BE /* Inputs */ = {
			isa = PBXGroup;
			children = (
				85DE3DB02AAD38000091E1BE /* Option.swift */,
			);
			path = Inputs;
			sourceTree = "<group>";
		};
		85FC68942A803C43009FED3A /* ViewController */ = {
			isa = PBXGroup;
			children = (
				85DA7A3C2A8A96A700FAEB45 /* Main.storyboard */,
				85DA7A3E2A8A96D300FAEB45 /* ViewController.swift */,
			);
			path = ViewController;
			sourceTree = "<group>";
		};
		F2833B4233AD46BD4DF1E05A /* Pods */ = {
			isa = PBXGroup;
			children = (
				F922B5CA5EF1847B16FD5632 /* Pods-MyMovies.debug.xcconfig */,
				4F504ECD26429C7B93F029E5 /* Pods-MyMovies.debug (dev).xcconfig */,
				CFAF78ADB6152CF67E423B08 /* Pods-MyMovies.debug (local).xcconfig */,
				E3F12EAFEABD53C2B499E11B /* Pods-MyMovies.release.xcconfig */,
				4413134D3F405F2CA300A4A8 /* Pods-MyMovies.release (dev).xcconfig */,
				7D91E9C48B4832FD615DF9C0 /* Pods-MyMovies.release (local).xcconfig */,
			);
			path = Pods;
			sourceTree = "<group>";
		};
		F39D7BC4F7D381F758B77A13 /* Frameworks */ = {
			isa = PBXGroup;
			children = (
				192AE67FE9B85D2BE036C4E2 /* Pods_MyMovies.framework */,
			);
			name = Frameworks;
			sourceTree = "<group>";
		};
/* End PBXGroup section */

/* Begin PBXNativeTarget section */
		851AC6CE2A7B382D0028D9AF /* MyMovies */ = {
			isa = PBXNativeTarget;
			buildConfigurationList = 851AC6E32A7B382D0028D9AF /* Build configuration list for PBXNativeTarget "MyMovies" */;
			buildPhases = (
				815B44F8604E39C818945C7D /* [CP] Check Pods Manifest.lock */,
				851AC6CB2A7B382D0028D9AF /* Sources */,
				851AC6CC2A7B382D0028D9AF /* Frameworks */,
				851AC6CD2A7B382D0028D9AF /* Resources */,
				54D8E3541E15C8F64A3BDA29 /* [CP] Embed Pods Frameworks */,
			);
			buildRules = (
			);
			dependencies = (
			);
			name = MyMovies;
			packageProductDependencies = (
				85794D592A996FC5006BAD31 /* Peppermint */,
			);
			productName = iMovie;
			productReference = 851AC6CF2A7B382D0028D9AF /* MyMovies.app */;
			productType = "com.apple.product-type.application";
		};
/* End PBXNativeTarget section */

/* Begin PBXProject section */
		851AC6C72A7B382D0028D9AF /* Project object */ = {
			isa = PBXProject;
			attributes = {
				BuildIndependentTargetsInParallel = 1;
				LastSwiftUpdateCheck = 1430;
				LastUpgradeCheck = 1430;
				TargetAttributes = {
					851AC6CE2A7B382D0028D9AF = {
						CreatedOnToolsVersion = 14.3.1;
					};
				};
			};
			buildConfigurationList = 851AC6CA2A7B382D0028D9AF /* Build configuration list for PBXProject "MyMovies" */;
			compatibilityVersion = "Xcode 14.0";
			developmentRegion = en;
			hasScannedForEncodings = 0;
			knownRegions = (
				en,
				Base,
			);
			mainGroup = 851AC6C62A7B382D0028D9AF;
			packageReferences = (
				85794D582A996FC5006BAD31 /* XCRemoteSwiftPackageReference "peppermint" */,
			);
			productRefGroup = 851AC6D02A7B382D0028D9AF /* Products */;
			projectDirPath = "";
			projectRoot = "";
			targets = (
				851AC6CE2A7B382D0028D9AF /* MyMovies */,
			);
		};
/* End PBXProject section */

/* Begin PBXResourcesBuildPhase section */
		851AC6CD2A7B382D0028D9AF /* Resources */ = {
			isa = PBXResourcesBuildPhase;
			buildActionMask = 2147483647;
			files = (
				854389DC2A7EFA75009AB0EA /* DividerView.xib in Resources */,
				8521184D2A802D690073BBE9 /* MovieDetailsViewController.xib in Resources */,
				854389CE2A7ED3C0009AB0EA /* HomeHeaderView.xib in Resources */,
				854389E22A7F2294009AB0EA /* MovieTableViewCell.xib in Resources */,
				851AC6DF2A7B382D0028D9AF /* LaunchScreen.storyboard in Resources */,
				855BCFAB2A86DED1008F34D9 /* fake_api.json in Resources */,
				851AC6DC2A7B382D0028D9AF /* Assets.xcassets in Resources */,
				85DA7A3D2A8A96A700FAEB45 /* Main.storyboard in Resources */,
				85A879D92A86ECAE00280751 /* Config-Dev.plist in Resources */,
				85D4EE262A88337A00E42E17 /* AddMovieViewController.xib in Resources */,
				8521185A2A80393B0073BBE9 /* HomeViewController.xib in Resources */,
				85422A902A7FE0C0009297D7 /* RatingStarsView.xib in Resources */,
				85A879DB2A86ED4A00280751 /* Config-Local.plist in Resources */,
				854389E92A7F378D009AB0EA /* MoviesTitleHeaderView.xib in Resources */,
			);
			runOnlyForDeploymentPostprocessing = 0;
		};
/* End PBXResourcesBuildPhase section */

/* Begin PBXShellScriptBuildPhase section */
		54D8E3541E15C8F64A3BDA29 /* [CP] Embed Pods Frameworks */ = {
			isa = PBXShellScriptBuildPhase;
			buildActionMask = 2147483647;
			files = (
			);
			inputFileListPaths = (
				"${PODS_ROOT}/Target Support Files/Pods-MyMovies/Pods-MyMovies-frameworks-${CONFIGURATION}-input-files.xcfilelist",
			);
			name = "[CP] Embed Pods Frameworks";
			outputFileListPaths = (
				"${PODS_ROOT}/Target Support Files/Pods-MyMovies/Pods-MyMovies-frameworks-${CONFIGURATION}-output-files.xcfilelist",
			);
			runOnlyForDeploymentPostprocessing = 0;
			shellPath = /bin/sh;
			shellScript = "\"${PODS_ROOT}/Target Support Files/Pods-MyMovies/Pods-MyMovies-frameworks.sh\"\n";
			showEnvVarsInLog = 0;
		};
		815B44F8604E39C818945C7D /* [CP] Check Pods Manifest.lock */ = {
			isa = PBXShellScriptBuildPhase;
			buildActionMask = 2147483647;
			files = (
			);
			inputFileListPaths = (
			);
			inputPaths = (
				"${PODS_PODFILE_DIR_PATH}/Podfile.lock",
				"${PODS_ROOT}/Manifest.lock",
			);
			name = "[CP] Check Pods Manifest.lock";
			outputFileListPaths = (
			);
			outputPaths = (
				"$(DERIVED_FILE_DIR)/Pods-MyMovies-checkManifestLockResult.txt",
			);
			runOnlyForDeploymentPostprocessing = 0;
			shellPath = /bin/sh;
			shellScript = "diff \"${PODS_PODFILE_DIR_PATH}/Podfile.lock\" \"${PODS_ROOT}/Manifest.lock\" > /dev/null\nif [ $? != 0 ] ; then\n    # print error to STDERR\n    echo \"error: The sandbox is not in sync with the Podfile.lock. Run 'pod install' or update your CocoaPods installation.\" >&2\n    exit 1\nfi\n# This output is used by Xcode 'outputs' to avoid re-running this script phase.\necho \"SUCCESS\" > \"${SCRIPT_OUTPUT_FILE_0}\"\n";
			showEnvVarsInLog = 0;
		};
/* End PBXShellScriptBuildPhase section */

/* Begin PBXSourcesBuildPhase section */
		851AC6CB2A7B382D0028D9AF /* Sources */ = {
			isa = PBXSourcesBuildPhase;
			buildActionMask = 2147483647;
			files = (
				85DA7A3F2A8A96D300FAEB45 /* ViewController.swift in Sources */,
				85DA7A412A8AA12300FAEB45 /* InputViewModel.swift in Sources */,
				85794D532A99565A006BAD31 /* NetworkingManager+Extensions.swift in Sources */,
				852118492A80212C0073BBE9 /* User.swift in Sources */,
				85DA7A482A8AFCD900FAEB45 /* MovieRegisterRequest.swift in Sources */,
				850ACA082A94319800E9A8EF /* UIViewController+Extensions.swift in Sources */,
				85BCC6592A86F14F0084A5EA /* EnvironmentsVariables.swift in Sources */,
				854389CD2A7ED3C0009AB0EA /* HomeHeaderView.swift in Sources */,
				8518D95C2A8729170006397C /* HomeViewModel.swift in Sources */,
				8521184C2A802D690073BBE9 /* MovieDetailsViewController.swift in Sources */,
				85794D622A998E92006BAD31 /* FormField.swift in Sources */,
				85DE3DA42AACF8020091E1BE /* UIInputDropdownView.swift in Sources */,
				85422A8E2A7FE0AD009297D7 /* RatingStarsView.swift in Sources */,
				85FC68A02A803F0D009FED3A /* MovieDetailsViewModel.swift in Sources */,
				85FC68A22A804F44009FED3A /* MovieDetailsDelegate.swift in Sources */,
				852118472A8014890073BBE9 /* Movie.swift in Sources */,
				85D4EE212A87F79E00E42E17 /* MovieUpdateRequest.swift in Sources */,
				852118592A80393B0073BBE9 /* HomeViewController.swift in Sources */,
				8518D95E2A87297C0006397C /* MovieAPI.swift in Sources */,
				85DE3DAC2AAD24950091E1BE /* UISheetView.swift in Sources */,
				85DE3DB12AAD38000091E1BE /* Option.swift in Sources */,
				850ACA0B2A9431AA00E9A8EF /* UIToastView.swift in Sources */,
				85794D502A981E9D006BAD31 /* NetworkingManager.swift in Sources */,
				85DE3DA62AAD18E90091E1BE /* UIInputDropdownOptionsView.swift in Sources */,
				850ACA012A94210900E9A8EF /* ObservableErrorWrapper.swift in Sources */,
				851AC6D32A7B382D0028D9AF /* AppDelegate.swift in Sources */,
				854389D32A7EDE6E009AB0EA /* UIImage+Extensions.swift in Sources */,
				85794D572A99596D006BAD31 /* MovieApiResource.swift in Sources */,
				85794D5D2A997039006BAD31 /* AddMovieValidation.swift in Sources */,
				8518D95A2A86FA410006397C /* UsersAPI.swift in Sources */,
				85D4EE1E2A87CB4000E42E17 /* RatingStarsDelegate.swift in Sources */,
				85794D4C2A96BB24006BAD31 /* NetworkIntegration.swift in Sources */,
				850FDD112A8870F600A39B87 /* UIInputTextView.swift in Sources */,
				85DA7A442A8AACD800FAEB45 /* UIInputTextAreaView.swift in Sources */,
				85768FB82A9A60310080A0C5 /* UserApiResoruce.swift in Sources */,
				854389D02A7ED9DC009AB0EA /* HomeHeaderViewModel.swift in Sources */,
				85A879D72A86E7F900280751 /* Environments.swift in Sources */,
				85DA7A4A2A8B077700FAEB45 /* AddMovieDelegate.swift in Sources */,
				85DE3DAE2AAD34980091E1BE /* InputDropdownDelegate.swift in Sources */,
				85422A922A7FE629009297D7 /* RatingStartsViewModel.swift in Sources */,
				854389E12A7F2294009AB0EA /* MovieTableViewCell.swift in Sources */,
				851AC6D52A7B382D0028D9AF /* SceneDelegate.swift in Sources */,
				85794D602A998DBE006BAD31 /* FormControl.swift in Sources */,
				854389E42A7F26C5009AB0EA /* MovieTableViewModel.swift in Sources */,
				85794D552A9958F4006BAD31 /* API.swift in Sources */,
				85D4EE252A88337A00E42E17 /* AddMovieViewController.swift in Sources */,
			);
			runOnlyForDeploymentPostprocessing = 0;
		};
/* End PBXSourcesBuildPhase section */

/* Begin PBXVariantGroup section */
		851AC6DD2A7B382D0028D9AF /* LaunchScreen.storyboard */ = {
			isa = PBXVariantGroup;
			children = (
				851AC6DE2A7B382D0028D9AF /* Base */,
			);
			name = LaunchScreen.storyboard;
			sourceTree = "<group>";
		};
/* End PBXVariantGroup section */

/* Begin XCBuildConfiguration section */
		851AC6E12A7B382D0028D9AF /* Debug */ = {
			isa = XCBuildConfiguration;
			buildSettings = {
				ALWAYS_SEARCH_USER_PATHS = NO;
				CLANG_ANALYZER_NONNULL = YES;
				CLANG_ANALYZER_NUMBER_OBJECT_CONVERSION = YES_AGGRESSIVE;
				CLANG_CXX_LANGUAGE_STANDARD = "gnu++20";
				CLANG_ENABLE_MODULES = YES;
				CLANG_ENABLE_OBJC_ARC = YES;
				CLANG_ENABLE_OBJC_WEAK = YES;
				CLANG_WARN_BLOCK_CAPTURE_AUTORELEASING = YES;
				CLANG_WARN_BOOL_CONVERSION = YES;
				CLANG_WARN_COMMA = YES;
				CLANG_WARN_CONSTANT_CONVERSION = YES;
				CLANG_WARN_DEPRECATED_OBJC_IMPLEMENTATIONS = YES;
				CLANG_WARN_DIRECT_OBJC_ISA_USAGE = YES_ERROR;
				CLANG_WARN_DOCUMENTATION_COMMENTS = YES;
				CLANG_WARN_EMPTY_BODY = YES;
				CLANG_WARN_ENUM_CONVERSION = YES;
				CLANG_WARN_INFINITE_RECURSION = YES;
				CLANG_WARN_INT_CONVERSION = YES;
				CLANG_WARN_NON_LITERAL_NULL_CONVERSION = YES;
				CLANG_WARN_OBJC_IMPLICIT_RETAIN_SELF = YES;
				CLANG_WARN_OBJC_LITERAL_CONVERSION = YES;
				CLANG_WARN_OBJC_ROOT_CLASS = YES_ERROR;
				CLANG_WARN_QUOTED_INCLUDE_IN_FRAMEWORK_HEADER = YES;
				CLANG_WARN_RANGE_LOOP_ANALYSIS = YES;
				CLANG_WARN_STRICT_PROTOTYPES = YES;
				CLANG_WARN_SUSPICIOUS_MOVE = YES;
				CLANG_WARN_UNGUARDED_AVAILABILITY = YES_AGGRESSIVE;
				CLANG_WARN_UNREACHABLE_CODE = YES;
				CLANG_WARN__DUPLICATE_METHOD_MATCH = YES;
				COPY_PHASE_STRIP = NO;
				DEBUG_INFORMATION_FORMAT = dwarf;
				ENABLE_STRICT_OBJC_MSGSEND = YES;
				ENABLE_TESTABILITY = YES;
				GCC_C_LANGUAGE_STANDARD = gnu11;
				GCC_DYNAMIC_NO_PIC = NO;
				GCC_NO_COMMON_BLOCKS = YES;
				GCC_OPTIMIZATION_LEVEL = 0;
				GCC_PREPROCESSOR_DEFINITIONS = (
					"DEBUG=1",
					"$(inherited)",
				);
				GCC_WARN_64_TO_32_BIT_CONVERSION = YES;
				GCC_WARN_ABOUT_RETURN_TYPE = YES_ERROR;
				GCC_WARN_UNDECLARED_SELECTOR = YES;
				GCC_WARN_UNINITIALIZED_AUTOS = YES_AGGRESSIVE;
				GCC_WARN_UNUSED_FUNCTION = YES;
				GCC_WARN_UNUSED_VARIABLE = YES;
				IPHONEOS_DEPLOYMENT_TARGET = 16.4;
				MTL_ENABLE_DEBUG_INFO = INCLUDE_SOURCE;
				MTL_FAST_MATH = YES;
				ONLY_ACTIVE_ARCH = YES;
				SDKROOT = iphoneos;
				SWIFT_ACTIVE_COMPILATION_CONDITIONS = DEBUG;
				SWIFT_OPTIMIZATION_LEVEL = "-Onone";
			};
			name = Debug;
		};
		851AC6E22A7B382D0028D9AF /* Release */ = {
			isa = XCBuildConfiguration;
			buildSettings = {
				ALWAYS_SEARCH_USER_PATHS = NO;
				CLANG_ANALYZER_NONNULL = YES;
				CLANG_ANALYZER_NUMBER_OBJECT_CONVERSION = YES_AGGRESSIVE;
				CLANG_CXX_LANGUAGE_STANDARD = "gnu++20";
				CLANG_ENABLE_MODULES = YES;
				CLANG_ENABLE_OBJC_ARC = YES;
				CLANG_ENABLE_OBJC_WEAK = YES;
				CLANG_WARN_BLOCK_CAPTURE_AUTORELEASING = YES;
				CLANG_WARN_BOOL_CONVERSION = YES;
				CLANG_WARN_COMMA = YES;
				CLANG_WARN_CONSTANT_CONVERSION = YES;
				CLANG_WARN_DEPRECATED_OBJC_IMPLEMENTATIONS = YES;
				CLANG_WARN_DIRECT_OBJC_ISA_USAGE = YES_ERROR;
				CLANG_WARN_DOCUMENTATION_COMMENTS = YES;
				CLANG_WARN_EMPTY_BODY = YES;
				CLANG_WARN_ENUM_CONVERSION = YES;
				CLANG_WARN_INFINITE_RECURSION = YES;
				CLANG_WARN_INT_CONVERSION = YES;
				CLANG_WARN_NON_LITERAL_NULL_CONVERSION = YES;
				CLANG_WARN_OBJC_IMPLICIT_RETAIN_SELF = YES;
				CLANG_WARN_OBJC_LITERAL_CONVERSION = YES;
				CLANG_WARN_OBJC_ROOT_CLASS = YES_ERROR;
				CLANG_WARN_QUOTED_INCLUDE_IN_FRAMEWORK_HEADER = YES;
				CLANG_WARN_RANGE_LOOP_ANALYSIS = YES;
				CLANG_WARN_STRICT_PROTOTYPES = YES;
				CLANG_WARN_SUSPICIOUS_MOVE = YES;
				CLANG_WARN_UNGUARDED_AVAILABILITY = YES_AGGRESSIVE;
				CLANG_WARN_UNREACHABLE_CODE = YES;
				CLANG_WARN__DUPLICATE_METHOD_MATCH = YES;
				COPY_PHASE_STRIP = NO;
				DEBUG_INFORMATION_FORMAT = "dwarf-with-dsym";
				ENABLE_NS_ASSERTIONS = NO;
				ENABLE_STRICT_OBJC_MSGSEND = YES;
				GCC_C_LANGUAGE_STANDARD = gnu11;
				GCC_NO_COMMON_BLOCKS = YES;
				GCC_WARN_64_TO_32_BIT_CONVERSION = YES;
				GCC_WARN_ABOUT_RETURN_TYPE = YES_ERROR;
				GCC_WARN_UNDECLARED_SELECTOR = YES;
				GCC_WARN_UNINITIALIZED_AUTOS = YES_AGGRESSIVE;
				GCC_WARN_UNUSED_FUNCTION = YES;
				GCC_WARN_UNUSED_VARIABLE = YES;
				IPHONEOS_DEPLOYMENT_TARGET = 16.4;
				MTL_ENABLE_DEBUG_INFO = NO;
				MTL_FAST_MATH = YES;
				SDKROOT = iphoneos;
				SWIFT_COMPILATION_MODE = wholemodule;
				SWIFT_OPTIMIZATION_LEVEL = "-O";
				VALIDATE_PRODUCT = YES;
			};
			name = Release;
		};
		851AC6E42A7B382D0028D9AF /* Debug */ = {
			isa = XCBuildConfiguration;
			baseConfigurationReference = F922B5CA5EF1847B16FD5632 /* Pods-MyMovies.debug.xcconfig */;
			buildSettings = {
				ASSETCATALOG_COMPILER_APPICON_NAME = AppIcon;
				ASSETCATALOG_COMPILER_GLOBAL_ACCENT_COLOR_NAME = AccentColor;
				CODE_SIGN_IDENTITY = "Apple Development";
				CODE_SIGN_STYLE = Automatic;
				CURRENT_PROJECT_VERSION = 1;
				DEVELOPMENT_TEAM = HUUR24KXSV;
				GENERATE_INFOPLIST_FILE = YES;
				INFOPLIST_FILE = MyMovies/Info.plist;
				INFOPLIST_KEY_LSApplicationCategoryType = "public.app-category.entertainment";
				INFOPLIST_KEY_UIApplicationSupportsIndirectInputEvents = YES;
				INFOPLIST_KEY_UILaunchStoryboardName = LaunchScreen;
				INFOPLIST_KEY_UIMainStoryboardFile = Main;
				INFOPLIST_KEY_UISupportedInterfaceOrientations_iPad = "UIInterfaceOrientationPortrait UIInterfaceOrientationPortraitUpsideDown UIInterfaceOrientationLandscapeLeft UIInterfaceOrientationLandscapeRight";
				INFOPLIST_KEY_UISupportedInterfaceOrientations_iPhone = "UIInterfaceOrientationPortrait UIInterfaceOrientationLandscapeLeft UIInterfaceOrientationLandscapeRight";
				LD_RUNPATH_SEARCH_PATHS = (
					"$(inherited)",
					"@executable_path/Frameworks",
				);
				MARKETING_VERSION = 1.0;
				PRODUCT_BUNDLE_IDENTIFIER = com.herculanoleo.MyMovies;
				PRODUCT_NAME = "$(TARGET_NAME)";
				PROVISIONING_PROFILE_SPECIFIER = "";
				SWIFT_EMIT_LOC_STRINGS = YES;
				SWIFT_VERSION = 5.0;
				TARGETED_DEVICE_FAMILY = "1,2";
			};
			name = Debug;
		};
		851AC6E52A7B382D0028D9AF /* Release */ = {
			isa = XCBuildConfiguration;
			baseConfigurationReference = E3F12EAFEABD53C2B499E11B /* Pods-MyMovies.release.xcconfig */;
			buildSettings = {
				ASSETCATALOG_COMPILER_APPICON_NAME = AppIcon;
				ASSETCATALOG_COMPILER_GLOBAL_ACCENT_COLOR_NAME = AccentColor;
				CODE_SIGN_IDENTITY = "Apple Development";
				CODE_SIGN_STYLE = Automatic;
				CURRENT_PROJECT_VERSION = 1;
				DEVELOPMENT_TEAM = HUUR24KXSV;
				GENERATE_INFOPLIST_FILE = YES;
				INFOPLIST_FILE = MyMovies/Info.plist;
				INFOPLIST_KEY_LSApplicationCategoryType = "public.app-category.entertainment";
				INFOPLIST_KEY_UIApplicationSupportsIndirectInputEvents = YES;
				INFOPLIST_KEY_UILaunchStoryboardName = LaunchScreen;
				INFOPLIST_KEY_UIMainStoryboardFile = Main;
				INFOPLIST_KEY_UISupportedInterfaceOrientations_iPad = "UIInterfaceOrientationPortrait UIInterfaceOrientationPortraitUpsideDown UIInterfaceOrientationLandscapeLeft UIInterfaceOrientationLandscapeRight";
				INFOPLIST_KEY_UISupportedInterfaceOrientations_iPhone = "UIInterfaceOrientationPortrait UIInterfaceOrientationLandscapeLeft UIInterfaceOrientationLandscapeRight";
				LD_RUNPATH_SEARCH_PATHS = (
					"$(inherited)",
					"@executable_path/Frameworks",
				);
				MARKETING_VERSION = 1.0;
				PRODUCT_BUNDLE_IDENTIFIER = com.herculanoleo.MyMovies;
				PRODUCT_NAME = "$(TARGET_NAME)";
				PROVISIONING_PROFILE_SPECIFIER = "";
				SWIFT_EMIT_LOC_STRINGS = YES;
				SWIFT_VERSION = 5.0;
				TARGETED_DEVICE_FAMILY = "1,2";
			};
			name = Release;
		};
		853AC9D92A86F5BF00594012 /* Debug (DEV) */ = {
			isa = XCBuildConfiguration;
			buildSettings = {
				ALWAYS_SEARCH_USER_PATHS = NO;
				CLANG_ANALYZER_NONNULL = YES;
				CLANG_ANALYZER_NUMBER_OBJECT_CONVERSION = YES_AGGRESSIVE;
				CLANG_CXX_LANGUAGE_STANDARD = "gnu++20";
				CLANG_ENABLE_MODULES = YES;
				CLANG_ENABLE_OBJC_ARC = YES;
				CLANG_ENABLE_OBJC_WEAK = YES;
				CLANG_WARN_BLOCK_CAPTURE_AUTORELEASING = YES;
				CLANG_WARN_BOOL_CONVERSION = YES;
				CLANG_WARN_COMMA = YES;
				CLANG_WARN_CONSTANT_CONVERSION = YES;
				CLANG_WARN_DEPRECATED_OBJC_IMPLEMENTATIONS = YES;
				CLANG_WARN_DIRECT_OBJC_ISA_USAGE = YES_ERROR;
				CLANG_WARN_DOCUMENTATION_COMMENTS = YES;
				CLANG_WARN_EMPTY_BODY = YES;
				CLANG_WARN_ENUM_CONVERSION = YES;
				CLANG_WARN_INFINITE_RECURSION = YES;
				CLANG_WARN_INT_CONVERSION = YES;
				CLANG_WARN_NON_LITERAL_NULL_CONVERSION = YES;
				CLANG_WARN_OBJC_IMPLICIT_RETAIN_SELF = YES;
				CLANG_WARN_OBJC_LITERAL_CONVERSION = YES;
				CLANG_WARN_OBJC_ROOT_CLASS = YES_ERROR;
				CLANG_WARN_QUOTED_INCLUDE_IN_FRAMEWORK_HEADER = YES;
				CLANG_WARN_RANGE_LOOP_ANALYSIS = YES;
				CLANG_WARN_STRICT_PROTOTYPES = YES;
				CLANG_WARN_SUSPICIOUS_MOVE = YES;
				CLANG_WARN_UNGUARDED_AVAILABILITY = YES_AGGRESSIVE;
				CLANG_WARN_UNREACHABLE_CODE = YES;
				CLANG_WARN__DUPLICATE_METHOD_MATCH = YES;
				COPY_PHASE_STRIP = NO;
				DEBUG_INFORMATION_FORMAT = dwarf;
				ENABLE_STRICT_OBJC_MSGSEND = YES;
				ENABLE_TESTABILITY = YES;
				GCC_C_LANGUAGE_STANDARD = gnu11;
				GCC_DYNAMIC_NO_PIC = NO;
				GCC_NO_COMMON_BLOCKS = YES;
				GCC_OPTIMIZATION_LEVEL = 0;
				GCC_PREPROCESSOR_DEFINITIONS = (
					"DEBUG=1",
					"$(inherited)",
				);
				GCC_WARN_64_TO_32_BIT_CONVERSION = YES;
				GCC_WARN_ABOUT_RETURN_TYPE = YES_ERROR;
				GCC_WARN_UNDECLARED_SELECTOR = YES;
				GCC_WARN_UNINITIALIZED_AUTOS = YES_AGGRESSIVE;
				GCC_WARN_UNUSED_FUNCTION = YES;
				GCC_WARN_UNUSED_VARIABLE = YES;
				IPHONEOS_DEPLOYMENT_TARGET = 16.4;
				MTL_ENABLE_DEBUG_INFO = INCLUDE_SOURCE;
				MTL_FAST_MATH = YES;
				ONLY_ACTIVE_ARCH = YES;
				SDKROOT = iphoneos;
				SWIFT_ACTIVE_COMPILATION_CONDITIONS = DEBUG;
				SWIFT_OPTIMIZATION_LEVEL = "-Onone";
			};
			name = "Debug (DEV)";
		};
		853AC9DA2A86F5BF00594012 /* Debug (DEV) */ = {
			isa = XCBuildConfiguration;
			baseConfigurationReference = 4F504ECD26429C7B93F029E5 /* Pods-MyMovies.debug (dev).xcconfig */;
			buildSettings = {
				ASSETCATALOG_COMPILER_APPICON_NAME = AppIcon;
				ASSETCATALOG_COMPILER_GLOBAL_ACCENT_COLOR_NAME = AccentColor;
				CODE_SIGN_IDENTITY = "Apple Development";
				CODE_SIGN_STYLE = Automatic;
				CURRENT_PROJECT_VERSION = 1;
				DEVELOPMENT_TEAM = HUUR24KXSV;
				GENERATE_INFOPLIST_FILE = YES;
				INFOPLIST_FILE = MyMovies/Info.plist;
				INFOPLIST_KEY_LSApplicationCategoryType = "public.app-category.entertainment";
				INFOPLIST_KEY_UIApplicationSupportsIndirectInputEvents = YES;
				INFOPLIST_KEY_UILaunchStoryboardName = LaunchScreen;
				INFOPLIST_KEY_UIMainStoryboardFile = Main;
				INFOPLIST_KEY_UISupportedInterfaceOrientations_iPad = "UIInterfaceOrientationPortrait UIInterfaceOrientationPortraitUpsideDown UIInterfaceOrientationLandscapeLeft UIInterfaceOrientationLandscapeRight";
				INFOPLIST_KEY_UISupportedInterfaceOrientations_iPhone = "UIInterfaceOrientationPortrait UIInterfaceOrientationLandscapeLeft UIInterfaceOrientationLandscapeRight";
				LD_RUNPATH_SEARCH_PATHS = (
					"$(inherited)",
					"@executable_path/Frameworks",
				);
				MARKETING_VERSION = 1.0;
				PRODUCT_BUNDLE_IDENTIFIER = com.herculanoleo.MyMovies;
				PRODUCT_NAME = "$(TARGET_NAME)";
				PROVISIONING_PROFILE_SPECIFIER = "";
				SWIFT_EMIT_LOC_STRINGS = YES;
				SWIFT_VERSION = 5.0;
				TARGETED_DEVICE_FAMILY = "1,2";
			};
			name = "Debug (DEV)";
		};
		853AC9DB2A86F5CA00594012 /* Release (DEV) */ = {
			isa = XCBuildConfiguration;
			buildSettings = {
				ALWAYS_SEARCH_USER_PATHS = NO;
				CLANG_ANALYZER_NONNULL = YES;
				CLANG_ANALYZER_NUMBER_OBJECT_CONVERSION = YES_AGGRESSIVE;
				CLANG_CXX_LANGUAGE_STANDARD = "gnu++20";
				CLANG_ENABLE_MODULES = YES;
				CLANG_ENABLE_OBJC_ARC = YES;
				CLANG_ENABLE_OBJC_WEAK = YES;
				CLANG_WARN_BLOCK_CAPTURE_AUTORELEASING = YES;
				CLANG_WARN_BOOL_CONVERSION = YES;
				CLANG_WARN_COMMA = YES;
				CLANG_WARN_CONSTANT_CONVERSION = YES;
				CLANG_WARN_DEPRECATED_OBJC_IMPLEMENTATIONS = YES;
				CLANG_WARN_DIRECT_OBJC_ISA_USAGE = YES_ERROR;
				CLANG_WARN_DOCUMENTATION_COMMENTS = YES;
				CLANG_WARN_EMPTY_BODY = YES;
				CLANG_WARN_ENUM_CONVERSION = YES;
				CLANG_WARN_INFINITE_RECURSION = YES;
				CLANG_WARN_INT_CONVERSION = YES;
				CLANG_WARN_NON_LITERAL_NULL_CONVERSION = YES;
				CLANG_WARN_OBJC_IMPLICIT_RETAIN_SELF = YES;
				CLANG_WARN_OBJC_LITERAL_CONVERSION = YES;
				CLANG_WARN_OBJC_ROOT_CLASS = YES_ERROR;
				CLANG_WARN_QUOTED_INCLUDE_IN_FRAMEWORK_HEADER = YES;
				CLANG_WARN_RANGE_LOOP_ANALYSIS = YES;
				CLANG_WARN_STRICT_PROTOTYPES = YES;
				CLANG_WARN_SUSPICIOUS_MOVE = YES;
				CLANG_WARN_UNGUARDED_AVAILABILITY = YES_AGGRESSIVE;
				CLANG_WARN_UNREACHABLE_CODE = YES;
				CLANG_WARN__DUPLICATE_METHOD_MATCH = YES;
				COPY_PHASE_STRIP = NO;
				DEBUG_INFORMATION_FORMAT = "dwarf-with-dsym";
				ENABLE_NS_ASSERTIONS = NO;
				ENABLE_STRICT_OBJC_MSGSEND = YES;
				GCC_C_LANGUAGE_STANDARD = gnu11;
				GCC_NO_COMMON_BLOCKS = YES;
				GCC_WARN_64_TO_32_BIT_CONVERSION = YES;
				GCC_WARN_ABOUT_RETURN_TYPE = YES_ERROR;
				GCC_WARN_UNDECLARED_SELECTOR = YES;
				GCC_WARN_UNINITIALIZED_AUTOS = YES_AGGRESSIVE;
				GCC_WARN_UNUSED_FUNCTION = YES;
				GCC_WARN_UNUSED_VARIABLE = YES;
				IPHONEOS_DEPLOYMENT_TARGET = 16.4;
				MTL_ENABLE_DEBUG_INFO = NO;
				MTL_FAST_MATH = YES;
				SDKROOT = iphoneos;
				SWIFT_COMPILATION_MODE = wholemodule;
				SWIFT_OPTIMIZATION_LEVEL = "-O";
				VALIDATE_PRODUCT = YES;
			};
			name = "Release (DEV)";
		};
		853AC9DC2A86F5CA00594012 /* Release (DEV) */ = {
			isa = XCBuildConfiguration;
			baseConfigurationReference = 4413134D3F405F2CA300A4A8 /* Pods-MyMovies.release (dev).xcconfig */;
			buildSettings = {
				ASSETCATALOG_COMPILER_APPICON_NAME = AppIcon;
				ASSETCATALOG_COMPILER_GLOBAL_ACCENT_COLOR_NAME = AccentColor;
				CODE_SIGN_IDENTITY = "Apple Development";
				CODE_SIGN_STYLE = Automatic;
				CURRENT_PROJECT_VERSION = 1;
				DEVELOPMENT_TEAM = HUUR24KXSV;
				GENERATE_INFOPLIST_FILE = YES;
				INFOPLIST_FILE = MyMovies/Info.plist;
				INFOPLIST_KEY_LSApplicationCategoryType = "public.app-category.entertainment";
				INFOPLIST_KEY_UIApplicationSupportsIndirectInputEvents = YES;
				INFOPLIST_KEY_UILaunchStoryboardName = LaunchScreen;
				INFOPLIST_KEY_UIMainStoryboardFile = Main;
				INFOPLIST_KEY_UISupportedInterfaceOrientations_iPad = "UIInterfaceOrientationPortrait UIInterfaceOrientationPortraitUpsideDown UIInterfaceOrientationLandscapeLeft UIInterfaceOrientationLandscapeRight";
				INFOPLIST_KEY_UISupportedInterfaceOrientations_iPhone = "UIInterfaceOrientationPortrait UIInterfaceOrientationLandscapeLeft UIInterfaceOrientationLandscapeRight";
				LD_RUNPATH_SEARCH_PATHS = (
					"$(inherited)",
					"@executable_path/Frameworks",
				);
				MARKETING_VERSION = 1.0;
				PRODUCT_BUNDLE_IDENTIFIER = com.herculanoleo.MyMovies;
				PRODUCT_NAME = "$(TARGET_NAME)";
				PROVISIONING_PROFILE_SPECIFIER = "";
				SWIFT_EMIT_LOC_STRINGS = YES;
				SWIFT_VERSION = 5.0;
				TARGETED_DEVICE_FAMILY = "1,2";
			};
			name = "Release (DEV)";
		};
		85BCC6542A86EDBF0084A5EA /* Debug (LOCAL) */ = {
			isa = XCBuildConfiguration;
			buildSettings = {
				ALWAYS_SEARCH_USER_PATHS = NO;
				CLANG_ANALYZER_NONNULL = YES;
				CLANG_ANALYZER_NUMBER_OBJECT_CONVERSION = YES_AGGRESSIVE;
				CLANG_CXX_LANGUAGE_STANDARD = "gnu++20";
				CLANG_ENABLE_MODULES = YES;
				CLANG_ENABLE_OBJC_ARC = YES;
				CLANG_ENABLE_OBJC_WEAK = YES;
				CLANG_WARN_BLOCK_CAPTURE_AUTORELEASING = YES;
				CLANG_WARN_BOOL_CONVERSION = YES;
				CLANG_WARN_COMMA = YES;
				CLANG_WARN_CONSTANT_CONVERSION = YES;
				CLANG_WARN_DEPRECATED_OBJC_IMPLEMENTATIONS = YES;
				CLANG_WARN_DIRECT_OBJC_ISA_USAGE = YES_ERROR;
				CLANG_WARN_DOCUMENTATION_COMMENTS = YES;
				CLANG_WARN_EMPTY_BODY = YES;
				CLANG_WARN_ENUM_CONVERSION = YES;
				CLANG_WARN_INFINITE_RECURSION = YES;
				CLANG_WARN_INT_CONVERSION = YES;
				CLANG_WARN_NON_LITERAL_NULL_CONVERSION = YES;
				CLANG_WARN_OBJC_IMPLICIT_RETAIN_SELF = YES;
				CLANG_WARN_OBJC_LITERAL_CONVERSION = YES;
				CLANG_WARN_OBJC_ROOT_CLASS = YES_ERROR;
				CLANG_WARN_QUOTED_INCLUDE_IN_FRAMEWORK_HEADER = YES;
				CLANG_WARN_RANGE_LOOP_ANALYSIS = YES;
				CLANG_WARN_STRICT_PROTOTYPES = YES;
				CLANG_WARN_SUSPICIOUS_MOVE = YES;
				CLANG_WARN_UNGUARDED_AVAILABILITY = YES_AGGRESSIVE;
				CLANG_WARN_UNREACHABLE_CODE = YES;
				CLANG_WARN__DUPLICATE_METHOD_MATCH = YES;
				COPY_PHASE_STRIP = NO;
				DEBUG_INFORMATION_FORMAT = dwarf;
				ENABLE_STRICT_OBJC_MSGSEND = YES;
				ENABLE_TESTABILITY = YES;
				GCC_C_LANGUAGE_STANDARD = gnu11;
				GCC_DYNAMIC_NO_PIC = NO;
				GCC_NO_COMMON_BLOCKS = YES;
				GCC_OPTIMIZATION_LEVEL = 0;
				GCC_PREPROCESSOR_DEFINITIONS = (
					"DEBUG=1",
					"$(inherited)",
				);
				GCC_WARN_64_TO_32_BIT_CONVERSION = YES;
				GCC_WARN_ABOUT_RETURN_TYPE = YES_ERROR;
				GCC_WARN_UNDECLARED_SELECTOR = YES;
				GCC_WARN_UNINITIALIZED_AUTOS = YES_AGGRESSIVE;
				GCC_WARN_UNUSED_FUNCTION = YES;
				GCC_WARN_UNUSED_VARIABLE = YES;
				IPHONEOS_DEPLOYMENT_TARGET = 16.4;
				MTL_ENABLE_DEBUG_INFO = INCLUDE_SOURCE;
				MTL_FAST_MATH = YES;
				ONLY_ACTIVE_ARCH = YES;
				SDKROOT = iphoneos;
				SWIFT_ACTIVE_COMPILATION_CONDITIONS = DEBUG;
				SWIFT_OPTIMIZATION_LEVEL = "-Onone";
			};
			name = "Debug (LOCAL)";
		};
		85BCC6552A86EDBF0084A5EA /* Debug (LOCAL) */ = {
			isa = XCBuildConfiguration;
			baseConfigurationReference = CFAF78ADB6152CF67E423B08 /* Pods-MyMovies.debug (local).xcconfig */;
			buildSettings = {
				ASSETCATALOG_COMPILER_APPICON_NAME = AppIcon;
				ASSETCATALOG_COMPILER_GLOBAL_ACCENT_COLOR_NAME = AccentColor;
				CODE_SIGN_IDENTITY = "Apple Development";
				CODE_SIGN_STYLE = Automatic;
				CURRENT_PROJECT_VERSION = 1;
				DEVELOPMENT_TEAM = HUUR24KXSV;
				GENERATE_INFOPLIST_FILE = YES;
				INFOPLIST_FILE = MyMovies/Info.plist;
				INFOPLIST_KEY_LSApplicationCategoryType = "public.app-category.entertainment";
				INFOPLIST_KEY_UIApplicationSupportsIndirectInputEvents = YES;
				INFOPLIST_KEY_UILaunchStoryboardName = LaunchScreen;
				INFOPLIST_KEY_UIMainStoryboardFile = Main;
				INFOPLIST_KEY_UISupportedInterfaceOrientations_iPad = "UIInterfaceOrientationPortrait UIInterfaceOrientationPortraitUpsideDown UIInterfaceOrientationLandscapeLeft UIInterfaceOrientationLandscapeRight";
				INFOPLIST_KEY_UISupportedInterfaceOrientations_iPhone = "UIInterfaceOrientationPortrait UIInterfaceOrientationLandscapeLeft UIInterfaceOrientationLandscapeRight";
				LD_RUNPATH_SEARCH_PATHS = (
					"$(inherited)",
					"@executable_path/Frameworks",
				);
				MARKETING_VERSION = 1.0;
				PRODUCT_BUNDLE_IDENTIFIER = com.herculanoleo.MyMovies;
				PRODUCT_NAME = "$(TARGET_NAME)";
				PROVISIONING_PROFILE_SPECIFIER = "";
				SWIFT_EMIT_LOC_STRINGS = YES;
				SWIFT_VERSION = 5.0;
				TARGETED_DEVICE_FAMILY = "1,2";
			};
			name = "Debug (LOCAL)";
		};
		85BCC6562A86EDF10084A5EA /* Release (LOCAL) */ = {
			isa = XCBuildConfiguration;
			buildSettings = {
				ALWAYS_SEARCH_USER_PATHS = NO;
				CLANG_ANALYZER_NONNULL = YES;
				CLANG_ANALYZER_NUMBER_OBJECT_CONVERSION = YES_AGGRESSIVE;
				CLANG_CXX_LANGUAGE_STANDARD = "gnu++20";
				CLANG_ENABLE_MODULES = YES;
				CLANG_ENABLE_OBJC_ARC = YES;
				CLANG_ENABLE_OBJC_WEAK = YES;
				CLANG_WARN_BLOCK_CAPTURE_AUTORELEASING = YES;
				CLANG_WARN_BOOL_CONVERSION = YES;
				CLANG_WARN_COMMA = YES;
				CLANG_WARN_CONSTANT_CONVERSION = YES;
				CLANG_WARN_DEPRECATED_OBJC_IMPLEMENTATIONS = YES;
				CLANG_WARN_DIRECT_OBJC_ISA_USAGE = YES_ERROR;
				CLANG_WARN_DOCUMENTATION_COMMENTS = YES;
				CLANG_WARN_EMPTY_BODY = YES;
				CLANG_WARN_ENUM_CONVERSION = YES;
				CLANG_WARN_INFINITE_RECURSION = YES;
				CLANG_WARN_INT_CONVERSION = YES;
				CLANG_WARN_NON_LITERAL_NULL_CONVERSION = YES;
				CLANG_WARN_OBJC_IMPLICIT_RETAIN_SELF = YES;
				CLANG_WARN_OBJC_LITERAL_CONVERSION = YES;
				CLANG_WARN_OBJC_ROOT_CLASS = YES_ERROR;
				CLANG_WARN_QUOTED_INCLUDE_IN_FRAMEWORK_HEADER = YES;
				CLANG_WARN_RANGE_LOOP_ANALYSIS = YES;
				CLANG_WARN_STRICT_PROTOTYPES = YES;
				CLANG_WARN_SUSPICIOUS_MOVE = YES;
				CLANG_WARN_UNGUARDED_AVAILABILITY = YES_AGGRESSIVE;
				CLANG_WARN_UNREACHABLE_CODE = YES;
				CLANG_WARN__DUPLICATE_METHOD_MATCH = YES;
				COPY_PHASE_STRIP = NO;
				DEBUG_INFORMATION_FORMAT = "dwarf-with-dsym";
				ENABLE_NS_ASSERTIONS = NO;
				ENABLE_STRICT_OBJC_MSGSEND = YES;
				GCC_C_LANGUAGE_STANDARD = gnu11;
				GCC_NO_COMMON_BLOCKS = YES;
				GCC_WARN_64_TO_32_BIT_CONVERSION = YES;
				GCC_WARN_ABOUT_RETURN_TYPE = YES_ERROR;
				GCC_WARN_UNDECLARED_SELECTOR = YES;
				GCC_WARN_UNINITIALIZED_AUTOS = YES_AGGRESSIVE;
				GCC_WARN_UNUSED_FUNCTION = YES;
				GCC_WARN_UNUSED_VARIABLE = YES;
				IPHONEOS_DEPLOYMENT_TARGET = 16.4;
				MTL_ENABLE_DEBUG_INFO = NO;
				MTL_FAST_MATH = YES;
				SDKROOT = iphoneos;
				SWIFT_COMPILATION_MODE = wholemodule;
				SWIFT_OPTIMIZATION_LEVEL = "-O";
				VALIDATE_PRODUCT = YES;
			};
			name = "Release (LOCAL)";
		};
		85BCC6572A86EDF10084A5EA /* Release (LOCAL) */ = {
			isa = XCBuildConfiguration;
			baseConfigurationReference = 7D91E9C48B4832FD615DF9C0 /* Pods-MyMovies.release (local).xcconfig */;
			buildSettings = {
				ASSETCATALOG_COMPILER_APPICON_NAME = AppIcon;
				ASSETCATALOG_COMPILER_GLOBAL_ACCENT_COLOR_NAME = AccentColor;
				CODE_SIGN_IDENTITY = "Apple Development";
				CODE_SIGN_STYLE = Automatic;
				CURRENT_PROJECT_VERSION = 1;
				DEVELOPMENT_TEAM = HUUR24KXSV;
				GENERATE_INFOPLIST_FILE = YES;
				INFOPLIST_FILE = MyMovies/Info.plist;
				INFOPLIST_KEY_LSApplicationCategoryType = "public.app-category.entertainment";
				INFOPLIST_KEY_UIApplicationSupportsIndirectInputEvents = YES;
				INFOPLIST_KEY_UILaunchStoryboardName = LaunchScreen;
				INFOPLIST_KEY_UIMainStoryboardFile = Main;
				INFOPLIST_KEY_UISupportedInterfaceOrientations_iPad = "UIInterfaceOrientationPortrait UIInterfaceOrientationPortraitUpsideDown UIInterfaceOrientationLandscapeLeft UIInterfaceOrientationLandscapeRight";
				INFOPLIST_KEY_UISupportedInterfaceOrientations_iPhone = "UIInterfaceOrientationPortrait UIInterfaceOrientationLandscapeLeft UIInterfaceOrientationLandscapeRight";
				LD_RUNPATH_SEARCH_PATHS = (
					"$(inherited)",
					"@executable_path/Frameworks",
				);
				MARKETING_VERSION = 1.0;
				PRODUCT_BUNDLE_IDENTIFIER = com.herculanoleo.MyMovies;
				PRODUCT_NAME = "$(TARGET_NAME)";
				PROVISIONING_PROFILE_SPECIFIER = "";
				SWIFT_EMIT_LOC_STRINGS = YES;
				SWIFT_VERSION = 5.0;
				TARGETED_DEVICE_FAMILY = "1,2";
			};
			name = "Release (LOCAL)";
		};
/* End XCBuildConfiguration section */

/* Begin XCConfigurationList section */
		851AC6CA2A7B382D0028D9AF /* Build configuration list for PBXProject "MyMovies" */ = {
			isa = XCConfigurationList;
			buildConfigurations = (
				851AC6E12A7B382D0028D9AF /* Debug */,
				853AC9D92A86F5BF00594012 /* Debug (DEV) */,
				85BCC6542A86EDBF0084A5EA /* Debug (LOCAL) */,
				851AC6E22A7B382D0028D9AF /* Release */,
				853AC9DB2A86F5CA00594012 /* Release (DEV) */,
				85BCC6562A86EDF10084A5EA /* Release (LOCAL) */,
			);
			defaultConfigurationIsVisible = 0;
			defaultConfigurationName = Release;
		};
		851AC6E32A7B382D0028D9AF /* Build configuration list for PBXNativeTarget "MyMovies" */ = {
			isa = XCConfigurationList;
			buildConfigurations = (
				851AC6E42A7B382D0028D9AF /* Debug */,
				853AC9DA2A86F5BF00594012 /* Debug (DEV) */,
				85BCC6552A86EDBF0084A5EA /* Debug (LOCAL) */,
				851AC6E52A7B382D0028D9AF /* Release */,
				853AC9DC2A86F5CA00594012 /* Release (DEV) */,
				85BCC6572A86EDF10084A5EA /* Release (LOCAL) */,
			);
			defaultConfigurationIsVisible = 0;
			defaultConfigurationName = Release;
		};
/* End XCConfigurationList section */

/* Begin XCRemoteSwiftPackageReference section */
		85794D582A996FC5006BAD31 /* XCRemoteSwiftPackageReference "peppermint" */ = {
			isa = XCRemoteSwiftPackageReference;
			repositoryURL = "https://github.com/nsagora/peppermint";
			requirement = {
				kind = upToNextMajorVersion;
				minimumVersion = 1.2.0;
			};
		};
/* End XCRemoteSwiftPackageReference section */

/* Begin XCSwiftPackageProductDependency section */
		85794D592A996FC5006BAD31 /* Peppermint */ = {
			isa = XCSwiftPackageProductDependency;
			package = 85794D582A996FC5006BAD31 /* XCRemoteSwiftPackageReference "peppermint" */;
			productName = Peppermint;
		};
/* End XCSwiftPackageProductDependency section */
	};
	rootObject = 851AC6C72A7B382D0028D9AF /* Project object */;
}
